// !$*UTF8*$!
{
	archiveVersion = 1;
	classes = {
	};
	objectVersion = 56;
	objects = {

/* Begin PBXBuildFile section */
		A06CE6422B62C23B002D197E /* AppDelegate.swift in Sources */ = {isa = PBXBuildFile; fileRef = A06CE6412B62C23B002D197E /* AppDelegate.swift */; };
		A06CE6442B62C23B002D197E /* SceneDelegate.swift in Sources */ = {isa = PBXBuildFile; fileRef = A06CE6432B62C23B002D197E /* SceneDelegate.swift */; };
		A06CE6462B62C23B002D197E /* AnimationsViewController.swift in Sources */ = {isa = PBXBuildFile; fileRef = A06CE6452B62C23B002D197E /* AnimationsViewController.swift */; };
		A06CE6492B62C23B002D197E /* Main.storyboard in Resources */ = {isa = PBXBuildFile; fileRef = A06CE6472B62C23B002D197E /* Main.storyboard */; };
		A06CE64B2B62C23B002D197E /* Assets.xcassets in Resources */ = {isa = PBXBuildFile; fileRef = A06CE64A2B62C23B002D197E /* Assets.xcassets */; };
		A06CE64E2B62C23B002D197E /* LaunchScreen.storyboard in Resources */ = {isa = PBXBuildFile; fileRef = A06CE64C2B62C23B002D197E /* LaunchScreen.storyboard */; };
		A06CE65A2B62C362002D197E /* SpringAnimation in Frameworks */ = {isa = PBXBuildFile; productRef = A06CE6592B62C362002D197E /* SpringAnimation */; };
		A0ABFE6D2B63D966002B5783 /* Extension + Double.swift in Sources */ = {isa = PBXBuildFile; fileRef = A0ABFE6C2B63D966002B5783 /* Extension + Double.swift */; };
		A0D855F02B62D8F30086E4D7 /* DataStore.swift in Sources */ = {isa = PBXBuildFile; fileRef = A0D855EF2B62D8F30086E4D7 /* DataStore.swift */; };
		A0D855F22B62DB490086E4D7 /* Animation.swift in Sources */ = {isa = PBXBuildFile; fileRef = A0D855F12B62DB490086E4D7 /* Animation.swift */; };
/* End PBXBuildFile section */

/* Begin PBXFileReference section */
		A06CE63E2B62C23B002D197E /* RandomAnimation.app */ = {isa = PBXFileReference; explicitFileType = wrapper.application; includeInIndex = 0; path = RandomAnimation.app; sourceTree = BUILT_PRODUCTS_DIR; };
		A06CE6412B62C23B002D197E /* AppDelegate.swift */ = {isa = PBXFileReference; lastKnownFileType = sourcecode.swift; path = AppDelegate.swift; sourceTree = "<group>"; };
		A06CE6432B62C23B002D197E /* SceneDelegate.swift */ = {isa = PBXFileReference; lastKnownFileType = sourcecode.swift; path = SceneDelegate.swift; sourceTree = "<group>"; };
		A06CE6452B62C23B002D197E /* AnimationsViewController.swift */ = {isa = PBXFileReference; lastKnownFileType = sourcecode.swift; path = AnimationsViewController.swift; sourceTree = "<group>"; };
		A06CE6482B62C23B002D197E /* Base */ = {isa = PBXFileReference; lastKnownFileType = file.storyboard; name = Base; path = Base.lproj/Main.storyboard; sourceTree = "<group>"; };
		A06CE64A2B62C23B002D197E /* Assets.xcassets */ = {isa = PBXFileReference; lastKnownFileType = folder.assetcatalog; path = Assets.xcassets; sourceTree = "<group>"; };
		A06CE64D2B62C23B002D197E /* Base */ = {isa = PBXFileReference; lastKnownFileType = file.storyboard; name = Base; path = Base.lproj/LaunchScreen.storyboard; sourceTree = "<group>"; };
		A06CE64F2B62C23B002D197E /* Info.plist */ = {isa = PBXFileReference; lastKnownFileType = text.plist.xml; path = Info.plist; sourceTree = "<group>"; };
		A0ABFE6C2B63D966002B5783 /* Extension + Double.swift */ = {isa = PBXFileReference; lastKnownFileType = sourcecode.swift; path = "Extension + Double.swift"; sourceTree = "<group>"; };
		A0D855EF2B62D8F30086E4D7 /* DataStore.swift */ = {isa = PBXFileReference; lastKnownFileType = sourcecode.swift; path = DataStore.swift; sourceTree = "<group>"; };
		A0D855F12B62DB490086E4D7 /* Animation.swift */ = {isa = PBXFileReference; lastKnownFileType = sourcecode.swift; path = Animation.swift; sourceTree = "<group>"; };
/* End PBXFileReference section */

/* Begin PBXFrameworksBuildPhase section */
		A06CE63B2B62C23B002D197E /* Frameworks */ = {
			isa = PBXFrameworksBuildPhase;
			buildActionMask = 2147483647;
			files = (
				A06CE65A2B62C362002D197E /* SpringAnimation in Frameworks */,
			);
			runOnlyForDeploymentPostprocessing = 0;
		};
/* End PBXFrameworksBuildPhase section */

/* Begin PBXGroup section */
		A06CE6352B62C23B002D197E = {
			isa = PBXGroup;
			children = (
				A06CE6402B62C23B002D197E /* RandomAnimation */,
				A06CE63F2B62C23B002D197E /* Products */,
			);
			sourceTree = "<group>";
		};
		A06CE63F2B62C23B002D197E /* Products */ = {
			isa = PBXGroup;
			children = (
				A06CE63E2B62C23B002D197E /* RandomAnimation.app */,
			);
			name = Products;
			sourceTree = "<group>";
		};
		A06CE6402B62C23B002D197E /* RandomAnimation */ = {
			isa = PBXGroup;
			children = (
				A0ABFE6B2B63D94E002B5783 /* Extensions */,
				A0D855EE2B62D8E10086E4D7 /* Services */,
				A0D855ED2B62D8D70086E4D7 /* Models */,
				A06CE6562B62C2C1002D197E /* ViewControllers */,
				A06CE6572B62C2CC002D197E /* Storyboards */,
				A06CE6552B62C26C002D197E /* Supporting */,
				A06CE64A2B62C23B002D197E /* Assets.xcassets */,
			);
			path = RandomAnimation;
			sourceTree = "<group>";
		};
		A06CE6552B62C26C002D197E /* Supporting */ = {
			isa = PBXGroup;
			children = (
				A06CE6412B62C23B002D197E /* AppDelegate.swift */,
				A06CE6432B62C23B002D197E /* SceneDelegate.swift */,
				A06CE64F2B62C23B002D197E /* Info.plist */,
			);
			path = Supporting;
			sourceTree = "<group>";
		};
		A06CE6562B62C2C1002D197E /* ViewControllers */ = {
			isa = PBXGroup;
			children = (
				A06CE6452B62C23B002D197E /* AnimationsViewController.swift */,
			);
			path = ViewControllers;
			sourceTree = "<group>";
		};
		A06CE6572B62C2CC002D197E /* Storyboards */ = {
			isa = PBXGroup;
			children = (
				A06CE6472B62C23B002D197E /* Main.storyboard */,
				A06CE64C2B62C23B002D197E /* LaunchScreen.storyboard */,
			);
			path = Storyboards;
			sourceTree = "<group>";
		};
		A0ABFE6B2B63D94E002B5783 /* Extensions */ = {
			isa = PBXGroup;
			children = (
				A0ABFE6C2B63D966002B5783 /* Extension + Double.swift */,
			);
			path = Extensions;
			sourceTree = "<group>";
		};
		A0D855ED2B62D8D70086E4D7 /* Models */ = {
			isa = PBXGroup;
			children = (
				A0D855F12B62DB490086E4D7 /* Animation.swift */,
			);
			path = Models;
			sourceTree = "<group>";
		};
		A0D855EE2B62D8E10086E4D7 /* Services */ = {
			isa = PBXGroup;
			children = (
				A0D855EF2B62D8F30086E4D7 /* DataStore.swift */,
			);
			path = Services;
			sourceTree = "<group>";
		};
/* End PBXGroup section */

/* Begin PBXNativeTarget section */
		A06CE63D2B62C23B002D197E /* RandomAnimation */ = {
			isa = PBXNativeTarget;
			buildConfigurationList = A06CE6522B62C23B002D197E /* Build configuration list for PBXNativeTarget "RandomAnimation" */;
			buildPhases = (
				A06CE63A2B62C23B002D197E /* Sources */,
				A06CE63B2B62C23B002D197E /* Frameworks */,
				A06CE63C2B62C23B002D197E /* Resources */,
			);
			buildRules = (
			);
			dependencies = (
			);
			name = RandomAnimation;
			packageProductDependencies = (
				A06CE6592B62C362002D197E /* SpringAnimation */,
			);
			productName = RandomAnimation;
			productReference = A06CE63E2B62C23B002D197E /* RandomAnimation.app */;
			productType = "com.apple.product-type.application";
		};
/* End PBXNativeTarget section */

/* Begin PBXProject section */
		A06CE6362B62C23B002D197E /* Project object */ = {
			isa = PBXProject;
			attributes = {
				BuildIndependentTargetsInParallel = 1;
				LastSwiftUpdateCheck = 1500;
				LastUpgradeCheck = 1500;
				TargetAttributes = {
					A06CE63D2B62C23B002D197E = {
						CreatedOnToolsVersion = 15.0.1;
					};
				};
			};
			buildConfigurationList = A06CE6392B62C23B002D197E /* Build configuration list for PBXProject "RandomAnimation" */;
			compatibilityVersion = "Xcode 14.0";
			developmentRegion = en;
			hasScannedForEncodings = 0;
			knownRegions = (
				en,
				Base,
			);
			mainGroup = A06CE6352B62C23B002D197E;
			packageReferences = (
				A06CE6582B62C362002D197E /* XCRemoteSwiftPackageReference "SpringAnimation" */,
			);
			productRefGroup = A06CE63F2B62C23B002D197E /* Products */;
			projectDirPath = "";
			projectRoot = "";
			targets = (
				A06CE63D2B62C23B002D197E /* RandomAnimation */,
			);
		};
/* End PBXProject section */

/* Begin PBXResourcesBuildPhase section */
		A06CE63C2B62C23B002D197E /* Resources */ = {
			isa = PBXResourcesBuildPhase;
			buildActionMask = 2147483647;
			files = (
				A06CE64E2B62C23B002D197E /* LaunchScreen.storyboard in Resources */,
				A06CE64B2B62C23B002D197E /* Assets.xcassets in Resources */,
				A06CE6492B62C23B002D197E /* Main.storyboard in Resources */,
			);
			runOnlyForDeploymentPostprocessing = 0;
		};
/* End PBXResourcesBuildPhase section */

/* Begin PBXSourcesBuildPhase section */
		A06CE63A2B62C23B002D197E /* Sources */ = {
			isa = PBXSourcesBuildPhase;
			buildActionMask = 2147483647;
			files = (
				A06CE6462B62C23B002D197E /* AnimationsViewController.swift in Sources */,
				A0D855F02B62D8F30086E4D7 /* DataStore.swift in Sources */,
				A0ABFE6D2B63D966002B5783 /* Extension + Double.swift in Sources */,
				A06CE6422B62C23B002D197E /* AppDelegate.swift in Sources */,
				A0D855F22B62DB490086E4D7 /* Animation.swift in Sources */,
				A06CE6442B62C23B002D197E /* SceneDelegate.swift in Sources */,
			);
			runOnlyForDeploymentPostprocessing = 0;
		};
/* End PBXSourcesBuildPhase section */

/* Begin PBXVariantGroup section */
		A06CE6472B62C23B002D197E /* Main.storyboard */ = {
			isa = PBXVariantGroup;
			children = (
				A06CE6482B62C23B002D197E /* Base */,
			);
			name = Main.storyboard;
			sourceTree = "<group>";
		};
		A06CE64C2B62C23B002D197E /* LaunchScreen.storyboard */ = {
			isa = PBXVariantGroup;
			children = (
				A06CE64D2B62C23B002D197E /* Base */,
			);
			name = LaunchScreen.storyboard;
			sourceTree = "<group>";
		};
/* End PBXVariantGroup section */

/* Begin XCBuildConfiguration section */
		A06CE6502B62C23B002D197E /* Debug */ = {
			isa = XCBuildConfiguration;
			buildSettings = {
				ALWAYS_SEARCH_USER_PATHS = NO;
				ASSETCATALOG_COMPILER_GENERATE_SWIFT_ASSET_SYMBOL_EXTENSIONS = YES;
				CLANG_ANALYZER_NONNULL = YES;
				CLANG_ANALYZER_NUMBER_OBJECT_CONVERSION = YES_AGGRESSIVE;
				CLANG_CXX_LANGUAGE_STANDARD = "gnu++20";
				CLANG_ENABLE_MODULES = YES;
				CLANG_ENABLE_OBJC_ARC = YES;
				CLANG_ENABLE_OBJC_WEAK = YES;
				CLANG_WARN_BLOCK_CAPTURE_AUTORELEASING = YES;
				CLANG_WARN_BOOL_CONVERSION = YES;
				CLANG_WARN_COMMA = YES;
				CLANG_WARN_CONSTANT_CONVERSION = YES;
				CLANG_WARN_DEPRECATED_OBJC_IMPLEMENTATIONS = YES;
				CLANG_WARN_DIRECT_OBJC_ISA_USAGE = YES_ERROR;
				CLANG_WARN_DOCUMENTATION_COMMENTS = YES;
				CLANG_WARN_EMPTY_BODY = YES;
				CLANG_WARN_ENUM_CONVERSION = YES;
				CLANG_WARN_INFINITE_RECURSION = YES;
				CLANG_WARN_INT_CONVERSION = YES;
				CLANG_WARN_NON_LITERAL_NULL_CONVERSION = YES;
				CLANG_WARN_OBJC_IMPLICIT_RETAIN_SELF = YES;
				CLANG_WARN_OBJC_LITERAL_CONVERSION = YES;
				CLANG_WARN_OBJC_ROOT_CLASS = YES_ERROR;
				CLANG_WARN_QUOTED_INCLUDE_IN_FRAMEWORK_HEADER = YES;
				CLANG_WARN_RANGE_LOOP_ANALYSIS = YES;
				CLANG_WARN_STRICT_PROTOTYPES = YES;
				CLANG_WARN_SUSPICIOUS_MOVE = YES;
				CLANG_WARN_UNGUARDED_AVAILABILITY = YES_AGGRESSIVE;
				CLANG_WARN_UNREACHABLE_CODE = YES;
				CLANG_WARN__DUPLICATE_METHOD_MATCH = YES;
				COPY_PHASE_STRIP = NO;
				DEBUG_INFORMATION_FORMAT = dwarf;
				ENABLE_STRICT_OBJC_MSGSEND = YES;
				ENABLE_TESTABILITY = YES;
				ENABLE_USER_SCRIPT_SANDBOXING = YES;
				GCC_C_LANGUAGE_STANDARD = gnu17;
				GCC_DYNAMIC_NO_PIC = NO;
				GCC_NO_COMMON_BLOCKS = YES;
				GCC_OPTIMIZATION_LEVEL = 0;
				GCC_PREPROCESSOR_DEFINITIONS = (
					"DEBUG=1",
					"$(inherited)",
				);
				GCC_WARN_64_TO_32_BIT_CONVERSION = YES;
				GCC_WARN_ABOUT_RETURN_TYPE = YES_ERROR;
				GCC_WARN_UNDECLARED_SELECTOR = YES;
				GCC_WARN_UNINITIALIZED_AUTOS = YES_AGGRESSIVE;
				GCC_WARN_UNUSED_FUNCTION = YES;
				GCC_WARN_UNUSED_VARIABLE = YES;
				IPHONEOS_DEPLOYMENT_TARGET = 17.0;
				LOCALIZATION_PREFERS_STRING_CATALOGS = YES;
				MTL_ENABLE_DEBUG_INFO = INCLUDE_SOURCE;
				MTL_FAST_MATH = YES;
				ONLY_ACTIVE_ARCH = YES;
				SDKROOT = iphoneos;
				SWIFT_ACTIVE_COMPILATION_CONDITIONS = "DEBUG $(inherited)";
				SWIFT_OPTIMIZATION_LEVEL = "-Onone";
			};
			name = Debug;
		};
		A06CE6512B62C23B002D197E /* Release */ = {
			isa = XCBuildConfiguration;
			buildSettings = {
				ALWAYS_SEARCH_USER_PATHS = NO;
				ASSETCATALOG_COMPILER_GENERATE_SWIFT_ASSET_SYMBOL_EXTENSIONS = YES;
				CLANG_ANALYZER_NONNULL = YES;
				CLANG_ANALYZER_NUMBER_OBJECT_CONVERSION = YES_AGGRESSIVE;
				CLANG_CXX_LANGUAGE_STANDARD = "gnu++20";
				CLANG_ENABLE_MODULES = YES;
				CLANG_ENABLE_OBJC_ARC = YES;
				CLANG_ENABLE_OBJC_WEAK = YES;
				CLANG_WARN_BLOCK_CAPTURE_AUTORELEASING = YES;
				CLANG_WARN_BOOL_CONVERSION = YES;
				CLANG_WARN_COMMA = YES;
				CLANG_WARN_CONSTANT_CONVERSION = YES;
				CLANG_WARN_DEPRECATED_OBJC_IMPLEMENTATIONS = YES;
				CLANG_WARN_DIRECT_OBJC_ISA_USAGE = YES_ERROR;
				CLANG_WARN_DOCUMENTATION_COMMENTS = YES;
				CLANG_WARN_EMPTY_BODY = YES;
				CLANG_WARN_ENUM_CONVERSION = YES;
				CLANG_WARN_INFINITE_RECURSION = YES;
				CLANG_WARN_INT_CONVERSION = YES;
				CLANG_WARN_NON_LITERAL_NULL_CONVERSION = YES;
				CLANG_WARN_OBJC_IMPLICIT_RETAIN_SELF = YES;
				CLANG_WARN_OBJC_LITERAL_CONVERSION = YES;
				CLANG_WARN_OBJC_ROOT_CLASS = YES_ERROR;
				CLANG_WARN_QUOTED_INCLUDE_IN_FRAMEWORK_HEADER = YES;
				CLANG_WARN_RANGE_LOOP_ANALYSIS = YES;
				CLANG_WARN_STRICT_PROTOTYPES = YES;
				CLANG_WARN_SUSPICIOUS_MOVE = YES;
				CLANG_WARN_UNGUARDED_AVAILABILITY = YES_AGGRESSIVE;
				CLANG_WARN_UNREACHABLE_CODE = YES;
				CLANG_WARN__DUPLICATE_METHOD_MATCH = YES;
				COPY_PHASE_STRIP = NO;
				DEBUG_INFORMATION_FORMAT = "dwarf-with-dsym";
				ENABLE_NS_ASSERTIONS = NO;
				ENABLE_STRICT_OBJC_MSGSEND = YES;
				ENABLE_USER_SCRIPT_SANDBOXING = YES;
				GCC_C_LANGUAGE_STANDARD = gnu17;
				GCC_NO_COMMON_BLOCKS = YES;
				GCC_WARN_64_TO_32_BIT_CONVERSION = YES;
				GCC_WARN_ABOUT_RETURN_TYPE = YES_ERROR;
				GCC_WARN_UNDECLARED_SELECTOR = YES;
				GCC_WARN_UNINITIALIZED_AUTOS = YES_AGGRESSIVE;
				GCC_WARN_UNUSED_FUNCTION = YES;
				GCC_WARN_UNUSED_VARIABLE = YES;
				IPHONEOS_DEPLOYMENT_TARGET = 17.0;
				LOCALIZATION_PREFERS_STRING_CATALOGS = YES;
				MTL_ENABLE_DEBUG_INFO = NO;
				MTL_FAST_MATH = YES;
				SDKROOT = iphoneos;
				SWIFT_COMPILATION_MODE = wholemodule;
				VALIDATE_PRODUCT = YES;
			};
			name = Release;
		};
		A06CE6532B62C23B002D197E /* Debug */ = {
			isa = XCBuildConfiguration;
			buildSettings = {
				ASSETCATALOG_COMPILER_APPICON_NAME = AppIcon;
				ASSETCATALOG_COMPILER_GLOBAL_ACCENT_COLOR_NAME = AccentColor;
				CODE_SIGN_STYLE = Automatic;
				CURRENT_PROJECT_VERSION = 1;
				DEVELOPMENT_TEAM = KSKFLS4ZH5;
				GENERATE_INFOPLIST_FILE = YES;
				INFOPLIST_FILE = RandomAnimation/Supporting/Info.plist;
				INFOPLIST_KEY_UIApplicationSupportsIndirectInputEvents = YES;
				INFOPLIST_KEY_UILaunchStoryboardName = LaunchScreen;
				INFOPLIST_KEY_UIMainStoryboardFile = Main;
				INFOPLIST_KEY_UISupportedInterfaceOrientations = UIInterfaceOrientationPortrait;
				INFOPLIST_KEY_UISupportedInterfaceOrientations_iPad = "UIInterfaceOrientationLandscapeLeft UIInterfaceOrientationLandscapeRight UIInterfaceOrientationPortrait UIInterfaceOrientationPortraitUpsideDown";
				LD_RUNPATH_SEARCH_PATHS = (
					"$(inherited)",
					"@executable_path/Frameworks",
				);
				MARKETING_VERSION = 1.0;
				PRODUCT_BUNDLE_IDENTIFIER = wupiupi.RandomAnimation;
				PRODUCT_NAME = "$(TARGET_NAME)";
				SUPPORTED_PLATFORMS = "iphoneos iphonesimulator";
				SUPPORTS_MACCATALYST = NO;
				SUPPORTS_MAC_DESIGNED_FOR_IPHONE_IPAD = NO;
				SWIFT_EMIT_LOC_STRINGS = YES;
				SWIFT_VERSION = 5.0;
				TARGETED_DEVICE_FAMILY = 1;
			};
			name = Debug;
		};
		A06CE6542B62C23B002D197E /* Release */ = {
			isa = XCBuildConfiguration;
			buildSettings = {
				ASSETCATALOG_COMPILER_APPICON_NAME = AppIcon;
				ASSETCATALOG_COMPILER_GLOBAL_ACCENT_COLOR_NAME = AccentColor;
				CODE_SIGN_STYLE = Automatic;
				CURRENT_PROJECT_VERSION = 1;
				DEVELOPMENT_TEAM = KSKFLS4ZH5;
				GENERATE_INFOPLIST_FILE = YES;
				INFOPLIST_FILE = RandomAnimation/Supporting/Info.plist;
				INFOPLIST_KEY_UIApplicationSupportsIndirectInputEvents = YES;
				INFOPLIST_KEY_UILaunchStoryboardName = LaunchScreen;
				INFOPLIST_KEY_UIMainStoryboardFile = Main;
				INFOPLIST_KEY_UISupportedInterfaceOrientations = UIInterfaceOrientationPortrait;
				INFOPLIST_KEY_UISupportedInterfaceOrientations_iPad = "UIInterfaceOrientationLandscapeLeft UIInterfaceOrientationLandscapeRight UIInterfaceOrientationPortrait UIInterfaceOrientationPortraitUpsideDown";
				LD_RUNPATH_SEARCH_PATHS = (
					"$(inherited)",
					"@executable_path/Frameworks",
				);
				MARKETING_VERSION = 1.0;
				PRODUCT_BUNDLE_IDENTIFIER = wupiupi.RandomAnimation;
				PRODUCT_NAME = "$(TARGET_NAME)";
				SUPPORTED_PLATFORMS = "iphoneos iphonesimulator";
				SUPPORTS_MACCATALYST = NO;
				SUPPORTS_MAC_DESIGNED_FOR_IPHONE_IPAD = NO;
				SWIFT_EMIT_LOC_STRINGS = YES;
				SWIFT_VERSION = 5.0;
				TARGETED_DEVICE_FAMILY = 1;
			};
			name = Release;
		};
/* End XCBuildConfiguration section */

/* Begin XCConfigurationList section */
		A06CE6392B62C23B002D197E /* Build configuration list for PBXProject "RandomAnimation" */ = {
			isa = XCConfigurationList;
			buildConfigurations = (
				A06CE6502B62C23B002D197E /* Debug */,
				A06CE6512B62C23B002D197E /* Release */,
			);
			defaultConfigurationIsVisible = 0;
			defaultConfigurationName = Release;
		};
		A06CE6522B62C23B002D197E /* Build configuration list for PBXNativeTarget "RandomAnimation" */ = {
			isa = XCConfigurationList;
			buildConfigurations = (
				A06CE6532B62C23B002D197E /* Debug */,
				A06CE6542B62C23B002D197E /* Release */,
			);
			defaultConfigurationIsVisible = 0;
			defaultConfigurationName = Release;
		};
/* End XCConfigurationList section */

/* Begin XCRemoteSwiftPackageReference section */
		A06CE6582B62C362002D197E /* XCRemoteSwiftPackageReference "SpringAnimation" */ = {
			isa = XCRemoteSwiftPackageReference;
			repositoryURL = "https://github.com/LexDeBash/SpringAnimation.git";
			requirement = {
				kind = upToNextMinorVersion;
				minimumVersion = 0.3.0;
			};
		};
/* End XCRemoteSwiftPackageReference section */

/* Begin XCSwiftPackageProductDependency section */
		A06CE6592B62C362002D197E /* SpringAnimation */ = {
			isa = XCSwiftPackageProductDependency;
			package = A06CE6582B62C362002D197E /* XCRemoteSwiftPackageReference "SpringAnimation" */;
			productName = SpringAnimation;
		};
/* End XCSwiftPackageProductDependency section */
	};
	rootObject = A06CE6362B62C23B002D197E /* Project object */;
}
